
Microsoft Visual Studio Solution File, Format Version 12.00
# Visual Studio Version 17
VisualStudioVersion = 17.13.35825.156
MinimumVisualStudioVersion = 10.0.40219.1
Project("{FAE04EC0-301F-11D3-BF4B-00C04F79EFBC}") = "tfl-stats.Server", "tfl-stats.Server\tfl-stats.Server.csproj", "{4D1AA2BC-2BDE-4547-AFD8-755246525C6A}"
EndProject
Project("{2150E333-8FDC-42A3-9474-1A3956D46DE8}") = "Solution Items", "Solution Items", "{8EC462FD-D22E-90A8-E5CE-7E832BA40C5D}"
	ProjectSection(SolutionItems) = preProject
		..\..\..\Downloads\Dockerfile = ..\..\..\Downloads\Dockerfile
		..\..\..\Downloads\dockerignore = ..\..\..\Downloads\dockerignore
	EndProjectSection
EndProject
Project("{FAE04EC0-301F-11D3-BF4B-00C04F79EFBC}") = "tfl-stats.Tests", "tfl-stats.Tests\tfl-stats.Tests.csproj", "{3C496157-DAE3-8305-B380-D118DB5787DC}"
EndProject
Project("{54A90642-561A-4BB1-A94E-469ADEE60C69}") = "tfl-stats.Client", "tfl-stats.Client\tfl-stats.Client.esproj", "{624805E8-2066-E2B4-5E93-503AF8431DAD}"
EndProject
Project("{FAE04EC0-301F-11D3-BF4B-00C04F79EFBC}") = "tfl-stats.Core", "tfl-stats.Core\tfl-stats.Core.csproj", "{CC6B28CB-6374-5519-47F5-8E3508A0B6FE}"
EndProject
Project("{FAE04EC0-301F-11D3-BF4B-00C04F79EFBC}") = "TflNetworkBuilder", "TflNetworkBuilder\TflNetworkBuilder.csproj", "{DC551A4F-DD0A-C8F7-22B9-53C1C8D62FB5}"
EndProject
Project("{FAE04EC0-301F-11D3-BF4B-00C04F79EFBC}") = "LineDiagramFileGenerator", "LineDiagramFileGenerator\LineDiagramFileGenerator.csproj", "{D3A4359B-8955-190B-D229-CA117D54F68A}"
EndProject
Project("{FAE04EC0-301F-11D3-BF4B-00C04F79EFBC}") = "TflObjects", "TflObjects\TflObjects.csproj", "{8964241B-5232-17DA-A9A2-64495879DA63}"
EndProject
Global
	GlobalSection(SolutionConfigurationPlatforms) = preSolution
		Debug|Any CPU = Debug|Any CPU
		Release|Any CPU = Release|Any CPU
	EndGlobalSection
	GlobalSection(ProjectConfigurationPlatforms) = postSolution
		{4D1AA2BC-2BDE-4547-AFD8-755246525C6A}.Debug|Any CPU.ActiveCfg = Debug|Any CPU
		{4D1AA2BC-2BDE-4547-AFD8-755246525C6A}.Debug|Any CPU.Build.0 = Debug|Any CPU
		{4D1AA2BC-2BDE-4547-AFD8-755246525C6A}.Release|Any CPU.ActiveCfg = Release|Any CPU
		{4D1AA2BC-2BDE-4547-AFD8-755246525C6A}.Release|Any CPU.Build.0 = Release|Any CPU
		{3C496157-DAE3-8305-B380-D118DB5787DC}.Debug|Any CPU.ActiveCfg = Debug|Any CPU
		{3C496157-DAE3-8305-B380-D118DB5787DC}.Debug|Any CPU.Build.0 = Debug|Any CPU
		{3C496157-DAE3-8305-B380-D118DB5787DC}.Release|Any CPU.ActiveCfg = Release|Any CPU
		{3C496157-DAE3-8305-B380-D118DB5787DC}.Release|Any CPU.Build.0 = Release|Any CPU
		{624805E8-2066-E2B4-5E93-503AF8431DAD}.Debug|Any CPU.ActiveCfg = Debug|Any CPU
		{624805E8-2066-E2B4-5E93-503AF8431DAD}.Debug|Any CPU.Build.0 = Debug|Any CPU
		{624805E8-2066-E2B4-5E93-503AF8431DAD}.Debug|Any CPU.Deploy.0 = Debug|Any CPU
		{624805E8-2066-E2B4-5E93-503AF8431DAD}.Release|Any CPU.ActiveCfg = Release|Any CPU
		{624805E8-2066-E2B4-5E93-503AF8431DAD}.Release|Any CPU.Build.0 = Release|Any CPU
		{624805E8-2066-E2B4-5E93-503AF8431DAD}.Release|Any CPU.Deploy.0 = Release|Any CPU
		{CC6B28CB-6374-5519-47F5-8E3508A0B6FE}.Debug|Any CPU.ActiveCfg = Debug|Any CPU
		{CC6B28CB-6374-5519-47F5-8E3508A0B6FE}.Debug|Any CPU.Build.0 = Debug|Any CPU
		{CC6B28CB-6374-5519-47F5-8E3508A0B6FE}.Release|Any CPU.ActiveCfg = Release|Any CPU
		{CC6B28CB-6374-5519-47F5-8E3508A0B6FE}.Release|Any CPU.Build.0 = Release|Any CPU
		{DC551A4F-DD0A-C8F7-22B9-53C1C8D62FB5}.Debug|Any CPU.ActiveCfg = Debug|Any CPU
		{DC551A4F-DD0A-C8F7-22B9-53C1C8D62FB5}.Debug|Any CPU.Build.0 = Debug|Any CPU
		{DC551A4F-DD0A-C8F7-22B9-53C1C8D62FB5}.Release|Any CPU.ActiveCfg = Release|Any CPU
		{DC551A4F-DD0A-C8F7-22B9-53C1C8D62FB5}.Release|Any CPU.Build.0 = Release|Any CPU
		{D3A4359B-8955-190B-D229-CA117D54F68A}.Debug|Any CPU.ActiveCfg = Debug|Any CPU
		{D3A4359B-8955-190B-D229-CA117D54F68A}.Debug|Any CPU.Build.0 = Debug|Any CPU
		{D3A4359B-8955-190B-D229-CA117D54F68A}.Release|Any CPU.ActiveCfg = Release|Any CPU
		{D3A4359B-8955-190B-D229-CA117D54F68A}.Release|Any CPU.Build.0 = Release|Any CPU
		{8964241B-5232-17DA-A9A2-64495879DA63}.Debug|Any CPU.ActiveCfg = Debug|Any CPU
		{8964241B-5232-17DA-A9A2-64495879DA63}.Debug|Any CPU.Build.0 = Debug|Any CPU
		{8964241B-5232-17DA-A9A2-64495879DA63}.Release|Any CPU.ActiveCfg = Release|Any CPU
		{8964241B-5232-17DA-A9A2-64495879DA63}.Release|Any CPU.Build.0 = Release|Any CPU
	EndGlobalSection
	GlobalSection(SolutionProperties) = preSolution
		HideSolutionNode = FALSE
	EndGlobalSection
	GlobalSection(ExtensibilityGlobals) = postSolution
		SolutionGuid = {31546C3C-FDAB-4952-B670-3A90F8FBBDBA}
	EndGlobalSection
EndGlobal
