
Microsoft Visual Studio Solution File, Format Version 12.00
# Visual Studio Version 17
VisualStudioVersion = 17.13.35825.156
MinimumVisualStudioVersion = 10.0.40219.1
Project("{FAE04EC0-301F-11D3-BF4B-00C04F79EFBC}") = "tfl-stats.Server", "tfl-stats.Server\tfl-stats.Server.csproj", "{4D1AA2BC-2BDE-4547-AFD8-755246525C6A}"
EndProject
Project("{2150E333-8FDC-42A3-9474-1A3956D46DE8}") = "Solution Items", "Solution Items", "{8EC462FD-D22E-90A8-E5CE-7E832BA40C5D}"
EndProject
Project("{FAE04EC0-301F-11D3-BF4B-00C04F79EFBC}") = "tfl-stats.Tests", "tfl-stats.Tests\tfl-stats.Tests.csproj", "{3C496157-DAE3-8305-B380-D118DB5787DC}"
EndProject
Project("{54A90642-561A-4BB1-A94E-469ADEE60C69}") = "tfl-stats.Client", "tfl-stats.Client\tfl-stats.Client.esproj", "{624805E8-2066-E2B4-5E93-503AF8431DAD}"
EndProject
Project("{FAE04EC0-301F-11D3-BF4B-00C04F79EFBC}") = "tfl-stats.Core", "tfl-stats.Core\tfl-stats.Core.csproj", "{CC6B28CB-6374-5519-47F5-8E3508A0B6FE}"
EndProject
Project("{FAE04EC0-301F-11D3-BF4B-00C04F79EFBC}") = "TflNetworkBuilder", "..\TFL_amy\TflNetworkBuilder\TflNetworkBuilder.csproj", "{F486BDEB-6585-0EF3-BBD3-89ED20D49087}"
EndProject
Project("{FAE04EC0-301F-11D3-BF4B-00C04F79EFBC}") = "LineDiagramFileGenerator", "..\TFL_amy\LineDiagramFileGenerator\LineDiagramFileGenerator.csproj", "{07B03EF9-7FED-20F5-6CE2-BCA526E5CF42}"
EndProject
Global
	GlobalSection(SolutionConfigurationPlatforms) = preSolution
		Debug|Any CPU = Debug|Any CPU
		Release|Any CPU = Release|Any CPU
	EndGlobalSection
	GlobalSection(ProjectConfigurationPlatforms) = postSolution
		{4D1AA2BC-2BDE-4547-AFD8-755246525C6A}.Debug|Any CPU.ActiveCfg = Debug|Any CPU
		{4D1AA2BC-2BDE-4547-AFD8-755246525C6A}.Debug|Any CPU.Build.0 = Debug|Any CPU
		{4D1AA2BC-2BDE-4547-AFD8-755246525C6A}.Release|Any CPU.ActiveCfg = Release|Any CPU
		{4D1AA2BC-2BDE-4547-AFD8-755246525C6A}.Release|Any CPU.Build.0 = Release|Any CPU
		{3C496157-DAE3-8305-B380-D118DB5787DC}.Debug|Any CPU.ActiveCfg = Debug|Any CPU
		{3C496157-DAE3-8305-B380-D118DB5787DC}.Debug|Any CPU.Build.0 = Debug|Any CPU
		{3C496157-DAE3-8305-B380-D118DB5787DC}.Release|Any CPU.ActiveCfg = Release|Any CPU
		{3C496157-DAE3-8305-B380-D118DB5787DC}.Release|Any CPU.Build.0 = Release|Any CPU
		{624805E8-2066-E2B4-5E93-503AF8431DAD}.Debug|Any CPU.ActiveCfg = Debug|Any CPU
		{624805E8-2066-E2B4-5E93-503AF8431DAD}.Debug|Any CPU.Build.0 = Debug|Any CPU
		{624805E8-2066-E2B4-5E93-503AF8431DAD}.Debug|Any CPU.Deploy.0 = Debug|Any CPU
		{624805E8-2066-E2B4-5E93-503AF8431DAD}.Release|Any CPU.ActiveCfg = Release|Any CPU
		{624805E8-2066-E2B4-5E93-503AF8431DAD}.Release|Any CPU.Build.0 = Release|Any CPU
		{624805E8-2066-E2B4-5E93-503AF8431DAD}.Release|Any CPU.Deploy.0 = Release|Any CPU
		{CC6B28CB-6374-5519-47F5-8E3508A0B6FE}.Debug|Any CPU.ActiveCfg = Debug|Any CPU
		{CC6B28CB-6374-5519-47F5-8E3508A0B6FE}.Debug|Any CPU.Build.0 = Debug|Any CPU
		{CC6B28CB-6374-5519-47F5-8E3508A0B6FE}.Release|Any CPU.ActiveCfg = Release|Any CPU
		{CC6B28CB-6374-5519-47F5-8E3508A0B6FE}.Release|Any CPU.Build.0 = Release|Any CPU
		{F486BDEB-6585-0EF3-BBD3-89ED20D49087}.Debug|Any CPU.ActiveCfg = Debug|Any CPU
		{F486BDEB-6585-0EF3-BBD3-89ED20D49087}.Debug|Any CPU.Build.0 = Debug|Any CPU
		{F486BDEB-6585-0EF3-BBD3-89ED20D49087}.Release|Any CPU.ActiveCfg = Release|Any CPU
		{F486BDEB-6585-0EF3-BBD3-89ED20D49087}.Release|Any CPU.Build.0 = Release|Any CPU
		{07B03EF9-7FED-20F5-6CE2-BCA526E5CF42}.Debug|Any CPU.ActiveCfg = Debug|Any CPU
		{07B03EF9-7FED-20F5-6CE2-BCA526E5CF42}.Debug|Any CPU.Build.0 = Debug|Any CPU
		{07B03EF9-7FED-20F5-6CE2-BCA526E5CF42}.Release|Any CPU.ActiveCfg = Release|Any CPU
		{07B03EF9-7FED-20F5-6CE2-BCA526E5CF42}.Release|Any CPU.Build.0 = Release|Any CPU
	EndGlobalSection
	GlobalSection(SolutionProperties) = preSolution
		HideSolutionNode = FALSE
	EndGlobalSection
	GlobalSection(ExtensibilityGlobals) = postSolution
		SolutionGuid = {31546C3C-FDAB-4952-B670-3A90F8FBBDBA}
	EndGlobalSection
EndGlobal
